// !$*UTF8*$!
{
	archiveVersion = 1;
	classes = {
	};
	objectVersion = 50;
	objects = {

/* Begin PBXBuildFile section */
		561A952B25F21BF800BB29E4 /* AppDelegate.swift in Sources */ = {isa = PBXBuildFile; fileRef = 561A952A25F21BF800BB29E4 /* AppDelegate.swift */; };
		561A953225F21BF800BB29E4 /* Main.storyboard in Resources */ = {isa = PBXBuildFile; fileRef = 561A953025F21BF800BB29E4 /* Main.storyboard */; };
		561A953525F21BF800BB29E4 /* NewsApp.xcdatamodeld in Sources */ = {isa = PBXBuildFile; fileRef = 561A953325F21BF800BB29E4 /* NewsApp.xcdatamodeld */; };
		561A953725F21BFC00BB29E4 /* Assets.xcassets in Resources */ = {isa = PBXBuildFile; fileRef = 561A953625F21BFC00BB29E4 /* Assets.xcassets */; };
		561A953A25F21BFC00BB29E4 /* LaunchScreen.storyboard in Resources */ = {isa = PBXBuildFile; fileRef = 561A953825F21BFC00BB29E4 /* LaunchScreen.storyboard */; };
		561A954525F21BFD00BB29E4 /* NewsAppTests.swift in Sources */ = {isa = PBXBuildFile; fileRef = 561A954425F21BFD00BB29E4 /* NewsAppTests.swift */; };
		561A955025F21BFD00BB29E4 /* NewsAppUITests.swift in Sources */ = {isa = PBXBuildFile; fileRef = 561A954F25F21BFD00BB29E4 /* NewsAppUITests.swift */; };
		561A956525F21DFA00BB29E4 /* .swiftlint.yml in Resources */ = {isa = PBXBuildFile; fileRef = 561A956425F21DFA00BB29E4 /* .swiftlint.yml */; };
		561A957B25F23FD500BB29E4 /* AppRouter.swift in Sources */ = {isa = PBXBuildFile; fileRef = 561A957A25F23FD500BB29E4 /* AppRouter.swift */; };
		561A958425F2409200BB29E4 /* NewsListViewController.swift in Sources */ = {isa = PBXBuildFile; fileRef = 561A958325F2409200BB29E4 /* NewsListViewController.swift */; };
		561A95A625F2AF4A00BB29E4 /* NewsListViewModel.swift in Sources */ = {isa = PBXBuildFile; fileRef = 561A95A525F2AF4A00BB29E4 /* NewsListViewModel.swift */; };
		561A95AE25F2B18A00BB29E4 /* EndPointType.swift in Sources */ = {isa = PBXBuildFile; fileRef = 561A95AD25F2B18A00BB29E4 /* EndPointType.swift */; };
		561A95B425F2B46A00BB29E4 /* NewsEndPoint.swift in Sources */ = {isa = PBXBuildFile; fileRef = 561A95B325F2B46A00BB29E4 /* NewsEndPoint.swift */; };
		561A95B925F2C0AC00BB29E4 /* ServiceConstants.swift in Sources */ = {isa = PBXBuildFile; fileRef = 561A95B825F2C0AC00BB29E4 /* ServiceConstants.swift */; };
		561A95BE25F2C56E00BB29E4 /* ServiceProvider.swift in Sources */ = {isa = PBXBuildFile; fileRef = 561A95BD25F2C56E00BB29E4 /* ServiceProvider.swift */; };
		561A95C525F359ED00BB29E4 /* News.swift in Sources */ = {isa = PBXBuildFile; fileRef = 561A95C425F359ED00BB29E4 /* News.swift */; };
		561A95D025F3691200BB29E4 /* NewsListBuilder.swift in Sources */ = {isa = PBXBuildFile; fileRef = 561A95CF25F3691200BB29E4 /* NewsListBuilder.swift */; };
		561A95DD25F36BCF00BB29E4 /* NewsListViewModelProtocol.swift in Sources */ = {isa = PBXBuildFile; fileRef = 561A95DC25F36BCF00BB29E4 /* NewsListViewModelProtocol.swift */; };
		561A95EB25F3748C00BB29E4 /* UIViewController+Ext.swift in Sources */ = {isa = PBXBuildFile; fileRef = 561A95EA25F3748C00BB29E4 /* UIViewController+Ext.swift */; };
		56525D7C25F8AE7900E6A83C /* NewsViewCell.xib in Resources */ = {isa = PBXBuildFile; fileRef = 56525D7B25F8AE7800E6A83C /* NewsViewCell.xib */; };
		56ACB9B025F411AD00DE70C6 /* NewsAPIManager.swift in Sources */ = {isa = PBXBuildFile; fileRef = 56ACB9AF25F411AD00DE70C6 /* NewsAPIManager.swift */; };
		56ACB9B925F5DE6C00DE70C6 /* InternetConnectionManager.swift in Sources */ = {isa = PBXBuildFile; fileRef = 56ACB9B825F5DE6C00DE70C6 /* InternetConnectionManager.swift */; };
		56ACB9BF25F6034800DE70C6 /* Cache.swift in Sources */ = {isa = PBXBuildFile; fileRef = 56ACB9BE25F6034800DE70C6 /* Cache.swift */; };
		56ACB9FB25F82C9600DE70C6 /* NewsViewCell.swift in Sources */ = {isa = PBXBuildFile; fileRef = 56ACB9FA25F82C9600DE70C6 /* NewsViewCell.swift */; };
		56ACBA0E25F8844900DE70C6 /* Constants.swift in Sources */ = {isa = PBXBuildFile; fileRef = 56ACBA0D25F8844900DE70C6 /* Constants.swift */; };
/* End PBXBuildFile section */

/* Begin PBXContainerItemProxy section */
		561A954125F21BFD00BB29E4 /* PBXContainerItemProxy */ = {
			isa = PBXContainerItemProxy;
			containerPortal = 561A951F25F21BF800BB29E4 /* Project object */;
			proxyType = 1;
			remoteGlobalIDString = 561A952625F21BF800BB29E4;
			remoteInfo = NewsApp;
		};
		561A954C25F21BFD00BB29E4 /* PBXContainerItemProxy */ = {
			isa = PBXContainerItemProxy;
			containerPortal = 561A951F25F21BF800BB29E4 /* Project object */;
			proxyType = 1;
			remoteGlobalIDString = 561A952625F21BF800BB29E4;
			remoteInfo = NewsApp;
		};
/* End PBXContainerItemProxy section */

/* Begin PBXFileReference section */
		561A952725F21BF800BB29E4 /* NewsApp.app */ = {isa = PBXFileReference; explicitFileType = wrapper.application; includeInIndex = 0; path = NewsApp.app; sourceTree = BUILT_PRODUCTS_DIR; };
		561A952A25F21BF800BB29E4 /* AppDelegate.swift */ = {isa = PBXFileReference; lastKnownFileType = sourcecode.swift; path = AppDelegate.swift; sourceTree = "<group>"; };
		561A953125F21BF800BB29E4 /* Base */ = {isa = PBXFileReference; lastKnownFileType = file.storyboard; name = Base; path = Base.lproj/Main.storyboard; sourceTree = "<group>"; };
		561A953425F21BF800BB29E4 /* NewsApp.xcdatamodel */ = {isa = PBXFileReference; lastKnownFileType = wrapper.xcdatamodel; path = NewsApp.xcdatamodel; sourceTree = "<group>"; };
		561A953625F21BFC00BB29E4 /* Assets.xcassets */ = {isa = PBXFileReference; lastKnownFileType = folder.assetcatalog; path = Assets.xcassets; sourceTree = "<group>"; };
		561A953925F21BFC00BB29E4 /* Base */ = {isa = PBXFileReference; lastKnownFileType = file.storyboard; name = Base; path = Base.lproj/LaunchScreen.storyboard; sourceTree = "<group>"; };
		561A953B25F21BFC00BB29E4 /* Info.plist */ = {isa = PBXFileReference; lastKnownFileType = text.plist.xml; path = Info.plist; sourceTree = "<group>"; };
		561A954025F21BFD00BB29E4 /* NewsAppTests.xctest */ = {isa = PBXFileReference; explicitFileType = wrapper.cfbundle; includeInIndex = 0; path = NewsAppTests.xctest; sourceTree = BUILT_PRODUCTS_DIR; };
		561A954425F21BFD00BB29E4 /* NewsAppTests.swift */ = {isa = PBXFileReference; lastKnownFileType = sourcecode.swift; path = NewsAppTests.swift; sourceTree = "<group>"; };
		561A954625F21BFD00BB29E4 /* Info.plist */ = {isa = PBXFileReference; lastKnownFileType = text.plist.xml; path = Info.plist; sourceTree = "<group>"; };
		561A954B25F21BFD00BB29E4 /* NewsAppUITests.xctest */ = {isa = PBXFileReference; explicitFileType = wrapper.cfbundle; includeInIndex = 0; path = NewsAppUITests.xctest; sourceTree = BUILT_PRODUCTS_DIR; };
		561A954F25F21BFD00BB29E4 /* NewsAppUITests.swift */ = {isa = PBXFileReference; lastKnownFileType = sourcecode.swift; path = NewsAppUITests.swift; sourceTree = "<group>"; };
		561A955125F21BFD00BB29E4 /* Info.plist */ = {isa = PBXFileReference; lastKnownFileType = text.plist.xml; path = Info.plist; sourceTree = "<group>"; };
		561A956425F21DFA00BB29E4 /* .swiftlint.yml */ = {isa = PBXFileReference; lastKnownFileType = text.yaml; path = .swiftlint.yml; sourceTree = "<group>"; };
		561A957A25F23FD500BB29E4 /* AppRouter.swift */ = {isa = PBXFileReference; lastKnownFileType = sourcecode.swift; path = AppRouter.swift; sourceTree = "<group>"; };
		561A958325F2409200BB29E4 /* NewsListViewController.swift */ = {isa = PBXFileReference; lastKnownFileType = sourcecode.swift; path = NewsListViewController.swift; sourceTree = "<group>"; };
		561A95A525F2AF4A00BB29E4 /* NewsListViewModel.swift */ = {isa = PBXFileReference; lastKnownFileType = sourcecode.swift; path = NewsListViewModel.swift; sourceTree = "<group>"; };
		561A95AD25F2B18A00BB29E4 /* EndPointType.swift */ = {isa = PBXFileReference; lastKnownFileType = sourcecode.swift; path = EndPointType.swift; sourceTree = "<group>"; };
		561A95B325F2B46A00BB29E4 /* NewsEndPoint.swift */ = {isa = PBXFileReference; lastKnownFileType = sourcecode.swift; path = NewsEndPoint.swift; sourceTree = "<group>"; };
		561A95B825F2C0AC00BB29E4 /* ServiceConstants.swift */ = {isa = PBXFileReference; lastKnownFileType = sourcecode.swift; path = ServiceConstants.swift; sourceTree = "<group>"; };
		561A95BD25F2C56E00BB29E4 /* ServiceProvider.swift */ = {isa = PBXFileReference; lastKnownFileType = sourcecode.swift; path = ServiceProvider.swift; sourceTree = "<group>"; };
		561A95C425F359ED00BB29E4 /* News.swift */ = {isa = PBXFileReference; lastKnownFileType = sourcecode.swift; path = News.swift; sourceTree = "<group>"; };
		561A95CF25F3691200BB29E4 /* NewsListBuilder.swift */ = {isa = PBXFileReference; lastKnownFileType = sourcecode.swift; path = NewsListBuilder.swift; sourceTree = "<group>"; };
		561A95DC25F36BCF00BB29E4 /* NewsListViewModelProtocol.swift */ = {isa = PBXFileReference; lastKnownFileType = sourcecode.swift; path = NewsListViewModelProtocol.swift; sourceTree = "<group>"; };
		561A95EA25F3748C00BB29E4 /* UIViewController+Ext.swift */ = {isa = PBXFileReference; lastKnownFileType = sourcecode.swift; path = "UIViewController+Ext.swift"; sourceTree = "<group>"; };
		56525D7B25F8AE7800E6A83C /* NewsViewCell.xib */ = {isa = PBXFileReference; lastKnownFileType = file.xib; path = NewsViewCell.xib; sourceTree = "<group>"; };
		56ACB9AF25F411AD00DE70C6 /* NewsAPIManager.swift */ = {isa = PBXFileReference; lastKnownFileType = sourcecode.swift; path = NewsAPIManager.swift; sourceTree = "<group>"; };
		56ACB9B825F5DE6C00DE70C6 /* InternetConnectionManager.swift */ = {isa = PBXFileReference; lastKnownFileType = sourcecode.swift; path = InternetConnectionManager.swift; sourceTree = "<group>"; };
		56ACB9BE25F6034800DE70C6 /* Cache.swift */ = {isa = PBXFileReference; lastKnownFileType = sourcecode.swift; path = Cache.swift; sourceTree = "<group>"; };
		56ACB9FA25F82C9600DE70C6 /* NewsViewCell.swift */ = {isa = PBXFileReference; lastKnownFileType = sourcecode.swift; path = NewsViewCell.swift; sourceTree = "<group>"; };
		56ACBA0D25F8844900DE70C6 /* Constants.swift */ = {isa = PBXFileReference; lastKnownFileType = sourcecode.swift; path = Constants.swift; sourceTree = "<group>"; };
/* End PBXFileReference section */

/* Begin PBXFrameworksBuildPhase section */
		561A952425F21BF800BB29E4 /* Frameworks */ = {
			isa = PBXFrameworksBuildPhase;
			buildActionMask = 2147483647;
			files = (
			);
			runOnlyForDeploymentPostprocessing = 0;
		};
		561A953D25F21BFD00BB29E4 /* Frameworks */ = {
			isa = PBXFrameworksBuildPhase;
			buildActionMask = 2147483647;
			files = (
			);
			runOnlyForDeploymentPostprocessing = 0;
		};
		561A954825F21BFD00BB29E4 /* Frameworks */ = {
			isa = PBXFrameworksBuildPhase;
			buildActionMask = 2147483647;
			files = (
			);
			runOnlyForDeploymentPostprocessing = 0;
		};
/* End PBXFrameworksBuildPhase section */

/* Begin PBXGroup section */
		561A951E25F21BF800BB29E4 = {
			isa = PBXGroup;
			children = (
				561A956425F21DFA00BB29E4 /* .swiftlint.yml */,
				561A952925F21BF800BB29E4 /* NewsApp */,
				561A954325F21BFD00BB29E4 /* NewsAppTests */,
				561A954E25F21BFD00BB29E4 /* NewsAppUITests */,
				561A952825F21BF800BB29E4 /* Products */,
			);
			sourceTree = "<group>";
		};
		561A952825F21BF800BB29E4 /* Products */ = {
			isa = PBXGroup;
			children = (
				561A952725F21BF800BB29E4 /* NewsApp.app */,
				561A954025F21BFD00BB29E4 /* NewsAppTests.xctest */,
				561A954B25F21BFD00BB29E4 /* NewsAppUITests.xctest */,
			);
			name = Products;
			sourceTree = "<group>";
		};
		561A952925F21BF800BB29E4 /* NewsApp */ = {
			isa = PBXGroup;
			children = (
				56ACB9BD25F6033200DE70C6 /* Caching */,
				56ACB9B725F5DE4900DE70C6 /* Utils */,
				561A95C225F359AA00BB29E4 /* Model */,
				561A95A025F246C900BB29E4 /* Network */,
				561A959D25F2457900BB29E4 /* Extensions */,
				561A959B25F2453E00BB29E4 /* App */,
				561A958225F2404800BB29E4 /* NewsList */,
				561A953625F21BFC00BB29E4 /* Assets.xcassets */,
				561A953825F21BFC00BB29E4 /* LaunchScreen.storyboard */,
				561A953B25F21BFC00BB29E4 /* Info.plist */,
				561A953325F21BF800BB29E4 /* NewsApp.xcdatamodeld */,
			);
			path = NewsApp;
			sourceTree = "<group>";
		};
		561A954325F21BFD00BB29E4 /* NewsAppTests */ = {
			isa = PBXGroup;
			children = (
				561A954425F21BFD00BB29E4 /* NewsAppTests.swift */,
				561A954625F21BFD00BB29E4 /* Info.plist */,
			);
			path = NewsAppTests;
			sourceTree = "<group>";
		};
		561A954E25F21BFD00BB29E4 /* NewsAppUITests */ = {
			isa = PBXGroup;
			children = (
				561A954F25F21BFD00BB29E4 /* NewsAppUITests.swift */,
				561A955125F21BFD00BB29E4 /* Info.plist */,
			);
			path = NewsAppUITests;
			sourceTree = "<group>";
		};
		561A958225F2404800BB29E4 /* NewsList */ = {
			isa = PBXGroup;
			children = (
				561A959F25F245CA00BB29E4 /* View */,
				561A959E25F245B900BB29E4 /* ViewModel */,
			);
			path = NewsList;
			sourceTree = "<group>";
		};
		561A959B25F2453E00BB29E4 /* App */ = {
			isa = PBXGroup;
			children = (
				561A952A25F21BF800BB29E4 /* AppDelegate.swift */,
				561A957A25F23FD500BB29E4 /* AppRouter.swift */,
			);
			path = App;
			sourceTree = "<group>";
		};
		561A959D25F2457900BB29E4 /* Extensions */ = {
			isa = PBXGroup;
			children = (
				561A95EA25F3748C00BB29E4 /* UIViewController+Ext.swift */,
			);
			path = Extensions;
			sourceTree = "<group>";
		};
		561A959E25F245B900BB29E4 /* ViewModel */ = {
			isa = PBXGroup;
			children = (
				561A95A525F2AF4A00BB29E4 /* NewsListViewModel.swift */,
				561A95CF25F3691200BB29E4 /* NewsListBuilder.swift */,
				561A95DC25F36BCF00BB29E4 /* NewsListViewModelProtocol.swift */,
			);
			path = ViewModel;
			sourceTree = "<group>";
		};
		561A959F25F245CA00BB29E4 /* View */ = {
			isa = PBXGroup;
			children = (
				561A953025F21BF800BB29E4 /* Main.storyboard */,
				561A958325F2409200BB29E4 /* NewsListViewController.swift */,
				56ACB9FA25F82C9600DE70C6 /* NewsViewCell.swift */,
				56525D7B25F8AE7800E6A83C /* NewsViewCell.xib */,
			);
			path = View;
			sourceTree = "<group>";
		};
		561A95A025F246C900BB29E4 /* Network */ = {
			isa = PBXGroup;
			children = (
				56ACB9AE25F4117D00DE70C6 /* Manager */,
				561A95B225F2B42A00BB29E4 /* EndPoint */,
				561A95AD25F2B18A00BB29E4 /* EndPointType.swift */,
				561A95B825F2C0AC00BB29E4 /* ServiceConstants.swift */,
				561A95BD25F2C56E00BB29E4 /* ServiceProvider.swift */,
			);
			path = Network;
			sourceTree = "<group>";
		};
		561A95B225F2B42A00BB29E4 /* EndPoint */ = {
			isa = PBXGroup;
			children = (
				561A95B325F2B46A00BB29E4 /* NewsEndPoint.swift */,
			);
			path = EndPoint;
			sourceTree = "<group>";
		};
		561A95C225F359AA00BB29E4 /* Model */ = {
			isa = PBXGroup;
			children = (
				561A95C325F359BC00BB29E4 /* NewsApi */,
			);
			path = Model;
			sourceTree = "<group>";
		};
		561A95C325F359BC00BB29E4 /* NewsApi */ = {
			isa = PBXGroup;
			children = (
				561A95C425F359ED00BB29E4 /* News.swift */,
			);
			path = NewsApi;
			sourceTree = "<group>";
		};
		56ACB9AE25F4117D00DE70C6 /* Manager */ = {
			isa = PBXGroup;
			children = (
				56ACB9AF25F411AD00DE70C6 /* NewsAPIManager.swift */,
			);
			path = Manager;
			sourceTree = "<group>";
		};
		56ACB9B725F5DE4900DE70C6 /* Utils */ = {
			isa = PBXGroup;
			children = (
				56ACB9B825F5DE6C00DE70C6 /* InternetConnectionManager.swift */,
				56ACBA0D25F8844900DE70C6 /* Constants.swift */,
			);
			path = Utils;
			sourceTree = "<group>";
		};
		56ACB9BD25F6033200DE70C6 /* Caching */ = {
			isa = PBXGroup;
			children = (
				56ACB9BE25F6034800DE70C6 /* Cache.swift */,
			);
			path = Caching;
			sourceTree = "<group>";
		};
/* End PBXGroup section */

/* Begin PBXNativeTarget section */
		561A952625F21BF800BB29E4 /* NewsApp */ = {
			isa = PBXNativeTarget;
			buildConfigurationList = 561A955425F21BFD00BB29E4 /* Build configuration list for PBXNativeTarget "NewsApp" */;
			buildPhases = (
				561A952325F21BF800BB29E4 /* Sources */,
				561A952425F21BF800BB29E4 /* Frameworks */,
				561A952525F21BF800BB29E4 /* Resources */,
				561A956025F21D7600BB29E4 /* ShellScript */,
			);
			buildRules = (
			);
			dependencies = (
			);
			name = NewsApp;
			productName = NewsApp;
			productReference = 561A952725F21BF800BB29E4 /* NewsApp.app */;
			productType = "com.apple.product-type.application";
		};
		561A953F25F21BFD00BB29E4 /* NewsAppTests */ = {
			isa = PBXNativeTarget;
			buildConfigurationList = 561A955725F21BFD00BB29E4 /* Build configuration list for PBXNativeTarget "NewsAppTests" */;
			buildPhases = (
				561A953C25F21BFD00BB29E4 /* Sources */,
				561A953D25F21BFD00BB29E4 /* Frameworks */,
				561A953E25F21BFD00BB29E4 /* Resources */,
			);
			buildRules = (
			);
			dependencies = (
				561A954225F21BFD00BB29E4 /* PBXTargetDependency */,
			);
			name = NewsAppTests;
			productName = NewsAppTests;
			productReference = 561A954025F21BFD00BB29E4 /* NewsAppTests.xctest */;
			productType = "com.apple.product-type.bundle.unit-test";
		};
		561A954A25F21BFD00BB29E4 /* NewsAppUITests */ = {
			isa = PBXNativeTarget;
			buildConfigurationList = 561A955A25F21BFD00BB29E4 /* Build configuration list for PBXNativeTarget "NewsAppUITests" */;
			buildPhases = (
				561A954725F21BFD00BB29E4 /* Sources */,
				561A954825F21BFD00BB29E4 /* Frameworks */,
				561A954925F21BFD00BB29E4 /* Resources */,
			);
			buildRules = (
			);
			dependencies = (
				561A954D25F21BFD00BB29E4 /* PBXTargetDependency */,
			);
			name = NewsAppUITests;
			productName = NewsAppUITests;
			productReference = 561A954B25F21BFD00BB29E4 /* NewsAppUITests.xctest */;
			productType = "com.apple.product-type.bundle.ui-testing";
		};
/* End PBXNativeTarget section */

/* Begin PBXProject section */
		561A951F25F21BF800BB29E4 /* Project object */ = {
			isa = PBXProject;
			attributes = {
				LastSwiftUpdateCheck = 1240;
				LastUpgradeCheck = 1240;
				TargetAttributes = {
					561A952625F21BF800BB29E4 = {
						CreatedOnToolsVersion = 12.4;
					};
					561A953F25F21BFD00BB29E4 = {
						CreatedOnToolsVersion = 12.4;
						TestTargetID = 561A952625F21BF800BB29E4;
					};
					561A954A25F21BFD00BB29E4 = {
						CreatedOnToolsVersion = 12.4;
						TestTargetID = 561A952625F21BF800BB29E4;
					};
				};
			};
			buildConfigurationList = 561A952225F21BF800BB29E4 /* Build configuration list for PBXProject "NewsApp" */;
			compatibilityVersion = "Xcode 9.3";
			developmentRegion = en;
			hasScannedForEncodings = 0;
			knownRegions = (
				en,
				Base,
			);
			mainGroup = 561A951E25F21BF800BB29E4;
			productRefGroup = 561A952825F21BF800BB29E4 /* Products */;
			projectDirPath = "";
			projectRoot = "";
			targets = (
				561A952625F21BF800BB29E4 /* NewsApp */,
				561A953F25F21BFD00BB29E4 /* NewsAppTests */,
				561A954A25F21BFD00BB29E4 /* NewsAppUITests */,
			);
		};
/* End PBXProject section */

/* Begin PBXResourcesBuildPhase section */
		561A952525F21BF800BB29E4 /* Resources */ = {
			isa = PBXResourcesBuildPhase;
			buildActionMask = 2147483647;
			files = (
				561A956525F21DFA00BB29E4 /* .swiftlint.yml in Resources */,
				561A953A25F21BFC00BB29E4 /* LaunchScreen.storyboard in Resources */,
				56525D7C25F8AE7900E6A83C /* NewsViewCell.xib in Resources */,
				561A953725F21BFC00BB29E4 /* Assets.xcassets in Resources */,
				561A953225F21BF800BB29E4 /* Main.storyboard in Resources */,
			);
			runOnlyForDeploymentPostprocessing = 0;
		};
		561A953E25F21BFD00BB29E4 /* Resources */ = {
			isa = PBXResourcesBuildPhase;
			buildActionMask = 2147483647;
			files = (
			);
			runOnlyForDeploymentPostprocessing = 0;
		};
		561A954925F21BFD00BB29E4 /* Resources */ = {
			isa = PBXResourcesBuildPhase;
			buildActionMask = 2147483647;
			files = (
			);
			runOnlyForDeploymentPostprocessing = 0;
		};
/* End PBXResourcesBuildPhase section */

/* Begin PBXShellScriptBuildPhase section */
		561A956025F21D7600BB29E4 /* ShellScript */ = {
			isa = PBXShellScriptBuildPhase;
			buildActionMask = 2147483647;
			files = (
			);
			inputFileListPaths = (
			);
			inputPaths = (
			);
			outputFileListPaths = (
			);
			outputPaths = (
			);
			runOnlyForDeploymentPostprocessing = 0;
			shellPath = /bin/sh;
			shellScript = "if which swiftlint >/dev/null; then\n  swiftlint\nelse\n  echo \"warning: SwiftLint not installed, download from https://github.com/realm/SwiftLint\"\nfi\n";
		};
/* End PBXShellScriptBuildPhase section */

/* Begin PBXSourcesBuildPhase section */
		561A952325F21BF800BB29E4 /* Sources */ = {
			isa = PBXSourcesBuildPhase;
			buildActionMask = 2147483647;
			files = (
				561A95DD25F36BCF00BB29E4 /* NewsListViewModelProtocol.swift in Sources */,
				56ACBA0E25F8844900DE70C6 /* Constants.swift in Sources */,
				56ACB9B025F411AD00DE70C6 /* NewsAPIManager.swift in Sources */,
				561A95EB25F3748C00BB29E4 /* UIViewController+Ext.swift in Sources */,
				561A95D025F3691200BB29E4 /* NewsListBuilder.swift in Sources */,
				561A958425F2409200BB29E4 /* NewsListViewController.swift in Sources */,
				561A95AE25F2B18A00BB29E4 /* EndPointType.swift in Sources */,
				561A95B425F2B46A00BB29E4 /* NewsEndPoint.swift in Sources */,
				56ACB9FB25F82C9600DE70C6 /* NewsViewCell.swift in Sources */,
				561A95B925F2C0AC00BB29E4 /* ServiceConstants.swift in Sources */,
				561A952B25F21BF800BB29E4 /* AppDelegate.swift in Sources */,
				56ACB9B925F5DE6C00DE70C6 /* InternetConnectionManager.swift in Sources */,
				56ACB9BF25F6034800DE70C6 /* Cache.swift in Sources */,
				561A95C525F359ED00BB29E4 /* News.swift in Sources */,
				561A95BE25F2C56E00BB29E4 /* ServiceProvider.swift in Sources */,
				561A953525F21BF800BB29E4 /* NewsApp.xcdatamodeld in Sources */,
				561A957B25F23FD500BB29E4 /* AppRouter.swift in Sources */,
				561A95A625F2AF4A00BB29E4 /* NewsListViewModel.swift in Sources */,
			);
			runOnlyForDeploymentPostprocessing = 0;
		};
		561A953C25F21BFD00BB29E4 /* Sources */ = {
			isa = PBXSourcesBuildPhase;
			buildActionMask = 2147483647;
			files = (
				561A954525F21BFD00BB29E4 /* NewsAppTests.swift in Sources */,
			);
			runOnlyForDeploymentPostprocessing = 0;
		};
		561A954725F21BFD00BB29E4 /* Sources */ = {
			isa = PBXSourcesBuildPhase;
			buildActionMask = 2147483647;
			files = (
				561A955025F21BFD00BB29E4 /* NewsAppUITests.swift in Sources */,
			);
			runOnlyForDeploymentPostprocessing = 0;
		};
/* End PBXSourcesBuildPhase section */

/* Begin PBXTargetDependency section */
		561A954225F21BFD00BB29E4 /* PBXTargetDependency */ = {
			isa = PBXTargetDependency;
			target = 561A952625F21BF800BB29E4 /* NewsApp */;
			targetProxy = 561A954125F21BFD00BB29E4 /* PBXContainerItemProxy */;
		};
		561A954D25F21BFD00BB29E4 /* PBXTargetDependency */ = {
			isa = PBXTargetDependency;
			target = 561A952625F21BF800BB29E4 /* NewsApp */;
			targetProxy = 561A954C25F21BFD00BB29E4 /* PBXContainerItemProxy */;
		};
/* End PBXTargetDependency section */

/* Begin PBXVariantGroup section */
		561A953025F21BF800BB29E4 /* Main.storyboard */ = {
			isa = PBXVariantGroup;
			children = (
				561A953125F21BF800BB29E4 /* Base */,
			);
			name = Main.storyboard;
			sourceTree = "<group>";
		};
		561A953825F21BFC00BB29E4 /* LaunchScreen.storyboard */ = {
			isa = PBXVariantGroup;
			children = (
				561A953925F21BFC00BB29E4 /* Base */,
			);
			name = LaunchScreen.storyboard;
			sourceTree = "<group>";
		};
/* End PBXVariantGroup section */

/* Begin XCBuildConfiguration section */
		561A955225F21BFD00BB29E4 /* Debug */ = {
			isa = XCBuildConfiguration;
			buildSettings = {
				ALWAYS_SEARCH_USER_PATHS = NO;
				CLANG_ANALYZER_NONNULL = YES;
				CLANG_ANALYZER_NUMBER_OBJECT_CONVERSION = YES_AGGRESSIVE;
				CLANG_CXX_LANGUAGE_STANDARD = "gnu++14";
				CLANG_CXX_LIBRARY = "libc++";
				CLANG_ENABLE_MODULES = YES;
				CLANG_ENABLE_OBJC_ARC = YES;
				CLANG_ENABLE_OBJC_WEAK = YES;
				CLANG_WARN_BLOCK_CAPTURE_AUTORELEASING = YES;
				CLANG_WARN_BOOL_CONVERSION = YES;
				CLANG_WARN_COMMA = YES;
				CLANG_WARN_CONSTANT_CONVERSION = YES;
				CLANG_WARN_DEPRECATED_OBJC_IMPLEMENTATIONS = YES;
				CLANG_WARN_DIRECT_OBJC_ISA_USAGE = YES_ERROR;
				CLANG_WARN_DOCUMENTATION_COMMENTS = YES;
				CLANG_WARN_EMPTY_BODY = YES;
				CLANG_WARN_ENUM_CONVERSION = YES;
				CLANG_WARN_INFINITE_RECURSION = YES;
				CLANG_WARN_INT_CONVERSION = YES;
				CLANG_WARN_NON_LITERAL_NULL_CONVERSION = YES;
				CLANG_WARN_OBJC_IMPLICIT_RETAIN_SELF = YES;
				CLANG_WARN_OBJC_LITERAL_CONVERSION = YES;
				CLANG_WARN_OBJC_ROOT_CLASS = YES_ERROR;
				CLANG_WARN_QUOTED_INCLUDE_IN_FRAMEWORK_HEADER = YES;
				CLANG_WARN_RANGE_LOOP_ANALYSIS = YES;
				CLANG_WARN_STRICT_PROTOTYPES = YES;
				CLANG_WARN_SUSPICIOUS_MOVE = YES;
				CLANG_WARN_UNGUARDED_AVAILABILITY = YES_AGGRESSIVE;
				CLANG_WARN_UNREACHABLE_CODE = YES;
				CLANG_WARN__DUPLICATE_METHOD_MATCH = YES;
				COPY_PHASE_STRIP = NO;
				DEBUG_INFORMATION_FORMAT = dwarf;
				ENABLE_STRICT_OBJC_MSGSEND = YES;
				ENABLE_TESTABILITY = YES;
				GCC_C_LANGUAGE_STANDARD = gnu11;
				GCC_DYNAMIC_NO_PIC = NO;
				GCC_NO_COMMON_BLOCKS = YES;
				GCC_OPTIMIZATION_LEVEL = 0;
				GCC_PREPROCESSOR_DEFINITIONS = (
					"DEBUG=1",
					"$(inherited)",
				);
				GCC_WARN_64_TO_32_BIT_CONVERSION = YES;
				GCC_WARN_ABOUT_RETURN_TYPE = YES_ERROR;
				GCC_WARN_UNDECLARED_SELECTOR = YES;
				GCC_WARN_UNINITIALIZED_AUTOS = YES_AGGRESSIVE;
				GCC_WARN_UNUSED_FUNCTION = YES;
				GCC_WARN_UNUSED_VARIABLE = YES;
				IPHONEOS_DEPLOYMENT_TARGET = 11.0;
				MTL_ENABLE_DEBUG_INFO = INCLUDE_SOURCE;
				MTL_FAST_MATH = YES;
				ONLY_ACTIVE_ARCH = YES;
				SDKROOT = iphoneos;
				SWIFT_ACTIVE_COMPILATION_CONDITIONS = DEBUG;
				SWIFT_OPTIMIZATION_LEVEL = "-Onone";
			};
			name = Debug;
		};
		561A955325F21BFD00BB29E4 /* Release */ = {
			isa = XCBuildConfiguration;
			buildSettings = {
				ALWAYS_SEARCH_USER_PATHS = NO;
				CLANG_ANALYZER_NONNULL = YES;
				CLANG_ANALYZER_NUMBER_OBJECT_CONVERSION = YES_AGGRESSIVE;
				CLANG_CXX_LANGUAGE_STANDARD = "gnu++14";
				CLANG_CXX_LIBRARY = "libc++";
				CLANG_ENABLE_MODULES = YES;
				CLANG_ENABLE_OBJC_ARC = YES;
				CLANG_ENABLE_OBJC_WEAK = YES;
				CLANG_WARN_BLOCK_CAPTURE_AUTORELEASING = YES;
				CLANG_WARN_BOOL_CONVERSION = YES;
				CLANG_WARN_COMMA = YES;
				CLANG_WARN_CONSTANT_CONVERSION = YES;
				CLANG_WARN_DEPRECATED_OBJC_IMPLEMENTATIONS = YES;
				CLANG_WARN_DIRECT_OBJC_ISA_USAGE = YES_ERROR;
				CLANG_WARN_DOCUMENTATION_COMMENTS = YES;
				CLANG_WARN_EMPTY_BODY = YES;
				CLANG_WARN_ENUM_CONVERSION = YES;
				CLANG_WARN_INFINITE_RECURSION = YES;
				CLANG_WARN_INT_CONVERSION = YES;
				CLANG_WARN_NON_LITERAL_NULL_CONVERSION = YES;
				CLANG_WARN_OBJC_IMPLICIT_RETAIN_SELF = YES;
				CLANG_WARN_OBJC_LITERAL_CONVERSION = YES;
				CLANG_WARN_OBJC_ROOT_CLASS = YES_ERROR;
				CLANG_WARN_QUOTED_INCLUDE_IN_FRAMEWORK_HEADER = YES;
				CLANG_WARN_RANGE_LOOP_ANALYSIS = YES;
				CLANG_WARN_STRICT_PROTOTYPES = YES;
				CLANG_WARN_SUSPICIOUS_MOVE = YES;
				CLANG_WARN_UNGUARDED_AVAILABILITY = YES_AGGRESSIVE;
				CLANG_WARN_UNREACHABLE_CODE = YES;
				CLANG_WARN__DUPLICATE_METHOD_MATCH = YES;
				COPY_PHASE_STRIP = NO;
				DEBUG_INFORMATION_FORMAT = "dwarf-with-dsym";
				ENABLE_NS_ASSERTIONS = NO;
				ENABLE_STRICT_OBJC_MSGSEND = YES;
				GCC_C_LANGUAGE_STANDARD = gnu11;
				GCC_NO_COMMON_BLOCKS = YES;
				GCC_WARN_64_TO_32_BIT_CONVERSION = YES;
				GCC_WARN_ABOUT_RETURN_TYPE = YES_ERROR;
				GCC_WARN_UNDECLARED_SELECTOR = YES;
				GCC_WARN_UNINITIALIZED_AUTOS = YES_AGGRESSIVE;
				GCC_WARN_UNUSED_FUNCTION = YES;
				GCC_WARN_UNUSED_VARIABLE = YES;
				IPHONEOS_DEPLOYMENT_TARGET = 11.0;
				MTL_ENABLE_DEBUG_INFO = NO;
				MTL_FAST_MATH = YES;
				SDKROOT = iphoneos;
				SWIFT_COMPILATION_MODE = wholemodule;
				SWIFT_OPTIMIZATION_LEVEL = "-O";
				VALIDATE_PRODUCT = YES;
			};
			name = Release;
		};
		561A955525F21BFD00BB29E4 /* Debug */ = {
			isa = XCBuildConfiguration;
			buildSettings = {
				ASSETCATALOG_COMPILER_APPICON_NAME = AppIcon;
				ASSETCATALOG_COMPILER_GLOBAL_ACCENT_COLOR_NAME = AccentColor;
				CODE_SIGN_STYLE = Automatic;
				DEVELOPMENT_TEAM = 8FAL99WJ93;
				INFOPLIST_FILE = NewsApp/Info.plist;
				LD_RUNPATH_SEARCH_PATHS = (
					"$(inherited)",
					"@executable_path/Frameworks",
				);
				PRODUCT_BUNDLE_IDENTIFIER = com.shalu.NewsApp;
				PRODUCT_NAME = "$(TARGET_NAME)";
				SWIFT_VERSION = 5.0;
				TARGETED_DEVICE_FAMILY = "1,2";
			};
			name = Debug;
		};
		561A955625F21BFD00BB29E4 /* Release */ = {
			isa = XCBuildConfiguration;
			buildSettings = {
				ASSETCATALOG_COMPILER_APPICON_NAME = AppIcon;
				ASSETCATALOG_COMPILER_GLOBAL_ACCENT_COLOR_NAME = AccentColor;
				CODE_SIGN_STYLE = Automatic;
				DEVELOPMENT_TEAM = 8FAL99WJ93;
				INFOPLIST_FILE = NewsApp/Info.plist;
				LD_RUNPATH_SEARCH_PATHS = (
					"$(inherited)",
					"@executable_path/Frameworks",
				);
				PRODUCT_BUNDLE_IDENTIFIER = com.shalu.NewsApp;
				PRODUCT_NAME = "$(TARGET_NAME)";
				SWIFT_VERSION = 5.0;
				TARGETED_DEVICE_FAMILY = "1,2";
			};
			name = Release;
		};
		561A955825F21BFD00BB29E4 /* Debug */ = {
			isa = XCBuildConfiguration;
			buildSettings = {
				ALWAYS_EMBED_SWIFT_STANDARD_LIBRARIES = YES;
				BUNDLE_LOADER = "$(TEST_HOST)";
				CODE_SIGN_STYLE = Automatic;
				DEVELOPMENT_TEAM = 8FAL99WJ93;
				INFOPLIST_FILE = NewsAppTests/Info.plist;
				IPHONEOS_DEPLOYMENT_TARGET = 14.4;
				LD_RUNPATH_SEARCH_PATHS = (
					"$(inherited)",
					"@executable_path/Frameworks",
					"@loader_path/Frameworks",
				);
				PRODUCT_BUNDLE_IDENTIFIER = com.shalu.NewsAppTests;
				PRODUCT_NAME = "$(TARGET_NAME)";
				SWIFT_VERSION = 5.0;
				TARGETED_DEVICE_FAMILY = "1,2";
				TEST_HOST = "$(BUILT_PRODUCTS_DIR)/NewsApp.app/NewsApp";
			};
			name = Debug;
		};
		561A955925F21BFD00BB29E4 /* Release */ = {
			isa = XCBuildConfiguration;
			buildSettings = {
				ALWAYS_EMBED_SWIFT_STANDARD_LIBRARIES = YES;
				BUNDLE_LOADER = "$(TEST_HOST)";
				CODE_SIGN_STYLE = Automatic;
				DEVELOPMENT_TEAM = 8FAL99WJ93;
				INFOPLIST_FILE = NewsAppTests/Info.plist;
				IPHONEOS_DEPLOYMENT_TARGET = 14.4;
				LD_RUNPATH_SEARCH_PATHS = (
					"$(inherited)",
					"@executable_path/Frameworks",
					"@loader_path/Frameworks",
				);
				PRODUCT_BUNDLE_IDENTIFIER = com.shalu.NewsAppTests;
				PRODUCT_NAME = "$(TARGET_NAME)";
				SWIFT_VERSION = 5.0;
				TARGETED_DEVICE_FAMILY = "1,2";
				TEST_HOST = "$(BUILT_PRODUCTS_DIR)/NewsApp.app/NewsApp";
			};
			name = Release;
		};
		561A955B25F21BFD00BB29E4 /* Debug */ = {
			isa = XCBuildConfiguration;
			buildSettings = {
				ALWAYS_EMBED_SWIFT_STANDARD_LIBRARIES = YES;
				CODE_SIGN_STYLE = Automatic;
				DEVELOPMENT_TEAM = 8FAL99WJ93;
				INFOPLIST_FILE = NewsAppUITests/Info.plist;
				LD_RUNPATH_SEARCH_PATHS = (
					"$(inherited)",
					"@executable_path/Frameworks",
					"@loader_path/Frameworks",
				);
				PRODUCT_BUNDLE_IDENTIFIER = com.shalu.NewsAppUITests;
				PRODUCT_NAME = "$(TARGET_NAME)";
				SWIFT_VERSION = 5.0;
				TARGETED_DEVICE_FAMILY = "1,2";
				TEST_TARGET_NAME = NewsApp;
			};
			name = Debug;
		};
		561A955C25F21BFD00BB29E4 /* Release */ = {
			isa = XCBuildConfiguration;
			buildSettings = {
				ALWAYS_EMBED_SWIFT_STANDARD_LIBRARIES = YES;
				CODE_SIGN_STYLE = Automatic;
				DEVELOPMENT_TEAM = 8FAL99WJ93;
				INFOPLIST_FILE = NewsAppUITests/Info.plist;
				LD_RUNPATH_SEARCH_PATHS = (
					"$(inherited)",
					"@executable_path/Frameworks",
					"@loader_path/Frameworks",
				);
				PRODUCT_BUNDLE_IDENTIFIER = com.shalu.NewsAppUITests;
				PRODUCT_NAME = "$(TARGET_NAME)";
				SWIFT_VERSION = 5.0;
				TARGETED_DEVICE_FAMILY = "1,2";
				TEST_TARGET_NAME = NewsApp;
			};
			name = Release;
		};
/* End XCBuildConfiguration section */

/* Begin XCConfigurationList section */
		561A952225F21BF800BB29E4 /* Build configuration list for PBXProject "NewsApp" */ = {
			isa = XCConfigurationList;
			buildConfigurations = (
				561A955225F21BFD00BB29E4 /* Debug */,
				561A955325F21BFD00BB29E4 /* Release */,
			);
			defaultConfigurationIsVisible = 0;
			defaultConfigurationName = Release;
		};
		561A955425F21BFD00BB29E4 /* Build configuration list for PBXNativeTarget "NewsApp" */ = {
			isa = XCConfigurationList;
			buildConfigurations = (
				561A955525F21BFD00BB29E4 /* Debug */,
				561A955625F21BFD00BB29E4 /* Release */,
			);
			defaultConfigurationIsVisible = 0;
			defaultConfigurationName = Release;
		};
		561A955725F21BFD00BB29E4 /* Build configuration list for PBXNativeTarget "NewsAppTests" */ = {
			isa = XCConfigurationList;
			buildConfigurations = (
				561A955825F21BFD00BB29E4 /* Debug */,
				561A955925F21BFD00BB29E4 /* Release */,
			);
			defaultConfigurationIsVisible = 0;
			defaultConfigurationName = Release;
		};
		561A955A25F21BFD00BB29E4 /* Build configuration list for PBXNativeTarget "NewsAppUITests" */ = {
			isa = XCConfigurationList;
			buildConfigurations = (
				561A955B25F21BFD00BB29E4 /* Debug */,
				561A955C25F21BFD00BB29E4 /* Release */,
			);
			defaultConfigurationIsVisible = 0;
			defaultConfigurationName = Release;
		};
/* End XCConfigurationList section */

/* Begin XCVersionGroup section */
		561A953325F21BF800BB29E4 /* NewsApp.xcdatamodeld */ = {
			isa = XCVersionGroup;
			children = (
				561A953425F21BF800BB29E4 /* NewsApp.xcdatamodel */,
			);
			currentVersion = 561A953425F21BF800BB29E4 /* NewsApp.xcdatamodel */;
			path = NewsApp.xcdatamodeld;
			sourceTree = "<group>";
			versionGroupType = wrapper.xcdatamodel;
		};
/* End XCVersionGroup section */
	};
	rootObject = 561A951F25F21BF800BB29E4 /* Project object */;
}
